
Microsoft Visual Studio Solution File, Format Version 12.00
# Visual Studio Version 16
VisualStudioVersion = 16.0.31515.178
MinimumVisualStudioVersion = 10.0.40219.1
Project("{FAE04EC0-301F-11D3-BF4B-00C04F79EFBC}") = "FriendsBookDemo", "FriendsBookDemo\FriendsBookDemo.csproj", "{F6090B42-41D8-4E61-B939-3DCF51DA0336}"
EndProject
Global
	GlobalSection(SolutionConfigurationPlatforms) = preSolution
		Debug|Any CPU = Debug|Any CPU
		Release|Any CPU = Release|Any CPU
	EndGlobalSection
	GlobalSection(ProjectConfigurationPlatforms) = postSolution
		{F6090B42-41D8-4E61-B939-3DCF51DA0336}.Debug|Any CPU.ActiveCfg = Debug|Any CPU
		{F6090B42-41D8-4E61-B939-3DCF51DA0336}.Debug|Any CPU.Build.0 = Debug|Any CPU
		{F6090B42-41D8-4E61-B939-3DCF51DA0336}.Release|Any CPU.ActiveCfg = Release|Any CPU
		{F6090B42-41D8-4E61-B939-3DCF51DA0336}.Release|Any CPU.Build.0 = Release|Any CPU
	EndGlobalSection
	GlobalSection(SolutionProperties) = preSolution
		HideSolutionNode = FALSE
	EndGlobalSection
	GlobalSection(ExtensibilityGlobals) = postSolution
		SolutionGuid = {CBAF8184-1F41-4FD9-B4A1-C06DF6126A98}
	EndGlobalSection
EndGlobal
